// !$*UTF8*$!
{
	archiveVersion = 1;
	classes = {
	};
	objectVersion = 46;
	objects = {

/* Begin PBXBuildFile section */
		7EDA0A9CFB3499AA5CBF1B4E /* Pods_Picky.framework in Frameworks */ = {isa = PBXBuildFile; fileRef = E694CFD481AB081E728E3D64 /* Pods_Picky.framework */; };
		C414A4101D2EFF7800CABE22 /* YelpClient.swift in Sources */ = {isa = PBXBuildFile; fileRef = C414A40F1D2EFF7800CABE22 /* YelpClient.swift */; };
		C414A4121D2F0B0500CABE22 /* Business.swift in Sources */ = {isa = PBXBuildFile; fileRef = C414A4111D2F0B0500CABE22 /* Business.swift */; };
		C414A4141D2FB84D00CABE22 /* MapKit.framework in Frameworks */ = {isa = PBXBuildFile; fileRef = C414A4131D2FB84D00CABE22 /* MapKit.framework */; };
		C43829801D2EEE4B0067430B /* AppDelegate.swift in Sources */ = {isa = PBXBuildFile; fileRef = C438297F1D2EEE4B0067430B /* AppDelegate.swift */; };
		C43829821D2EEE4B0067430B /* ViewController.swift in Sources */ = {isa = PBXBuildFile; fileRef = C43829811D2EEE4B0067430B /* ViewController.swift */; };
		C43829851D2EEE4B0067430B /* Main.storyboard in Resources */ = {isa = PBXBuildFile; fileRef = C43829831D2EEE4B0067430B /* Main.storyboard */; };
		C43829881D2EEE4B0067430B /* Picky.xcdatamodeld in Sources */ = {isa = PBXBuildFile; fileRef = C43829861D2EEE4B0067430B /* Picky.xcdatamodeld */; };
		C438298A1D2EEE4B0067430B /* Assets.xcassets in Resources */ = {isa = PBXBuildFile; fileRef = C43829891D2EEE4B0067430B /* Assets.xcassets */; };
		C438298D1D2EEE4B0067430B /* LaunchScreen.storyboard in Resources */ = {isa = PBXBuildFile; fileRef = C438298B1D2EEE4B0067430B /* LaunchScreen.storyboard */; };
		C43829951D2EEEB00067430B /* Constants.swift in Sources */ = {isa = PBXBuildFile; fileRef = C43829941D2EEEB00067430B /* Constants.swift */; };
/* End PBXBuildFile section */

/* Begin PBXFileReference section */
		52E3FF56788BB2BB430CEB66 /* Pods-Picky.release.xcconfig */ = {isa = PBXFileReference; includeInIndex = 1; lastKnownFileType = text.xcconfig; name = "Pods-Picky.release.xcconfig"; path = "Pods/Target Support Files/Pods-Picky/Pods-Picky.release.xcconfig"; sourceTree = "<group>"; };
		7AA049A90BCE510398EB4C2D /* Pods-Picky.debug.xcconfig */ = {isa = PBXFileReference; includeInIndex = 1; lastKnownFileType = text.xcconfig; name = "Pods-Picky.debug.xcconfig"; path = "Pods/Target Support Files/Pods-Picky/Pods-Picky.debug.xcconfig"; sourceTree = "<group>"; };
		C414A40F1D2EFF7800CABE22 /* YelpClient.swift */ = {isa = PBXFileReference; fileEncoding = 4; lastKnownFileType = sourcecode.swift; path = YelpClient.swift; sourceTree = "<group>"; };
		C414A4111D2F0B0500CABE22 /* Business.swift */ = {isa = PBXFileReference; fileEncoding = 4; lastKnownFileType = sourcecode.swift; path = Business.swift; sourceTree = "<group>"; };
		C414A4131D2FB84D00CABE22 /* MapKit.framework */ = {isa = PBXFileReference; lastKnownFileType = wrapper.framework; name = MapKit.framework; path = System/Library/Frameworks/MapKit.framework; sourceTree = SDKROOT; };
		C438297C1D2EEE4B0067430B /* Picky.app */ = {isa = PBXFileReference; explicitFileType = wrapper.application; includeInIndex = 0; path = Picky.app; sourceTree = BUILT_PRODUCTS_DIR; };
		C438297F1D2EEE4B0067430B /* AppDelegate.swift */ = {isa = PBXFileReference; lastKnownFileType = sourcecode.swift; path = AppDelegate.swift; sourceTree = "<group>"; };
		C43829811D2EEE4B0067430B /* ViewController.swift */ = {isa = PBXFileReference; lastKnownFileType = sourcecode.swift; path = ViewController.swift; sourceTree = "<group>"; };
		C43829841D2EEE4B0067430B /* Base */ = {isa = PBXFileReference; lastKnownFileType = file.storyboard; name = Base; path = Base.lproj/Main.storyboard; sourceTree = "<group>"; };
		C43829871D2EEE4B0067430B /* Picky.xcdatamodel */ = {isa = PBXFileReference; lastKnownFileType = wrapper.xcdatamodel; path = Picky.xcdatamodel; sourceTree = "<group>"; };
		C43829891D2EEE4B0067430B /* Assets.xcassets */ = {isa = PBXFileReference; lastKnownFileType = folder.assetcatalog; path = Assets.xcassets; sourceTree = "<group>"; };
		C438298C1D2EEE4B0067430B /* Base */ = {isa = PBXFileReference; lastKnownFileType = file.storyboard; name = Base; path = Base.lproj/LaunchScreen.storyboard; sourceTree = "<group>"; };
		C438298E1D2EEE4B0067430B /* Info.plist */ = {isa = PBXFileReference; lastKnownFileType = text.plist.xml; path = Info.plist; sourceTree = "<group>"; };
		C43829941D2EEEB00067430B /* Constants.swift */ = {isa = PBXFileReference; fileEncoding = 4; lastKnownFileType = sourcecode.swift; path = Constants.swift; sourceTree = "<group>"; };
		E694CFD481AB081E728E3D64 /* Pods_Picky.framework */ = {isa = PBXFileReference; explicitFileType = wrapper.framework; includeInIndex = 0; path = Pods_Picky.framework; sourceTree = BUILT_PRODUCTS_DIR; };
/* End PBXFileReference section */

/* Begin PBXFrameworksBuildPhase section */
		C43829791D2EEE4B0067430B /* Frameworks */ = {
			isa = PBXFrameworksBuildPhase;
			buildActionMask = 2147483647;
			files = (
				C414A4141D2FB84D00CABE22 /* MapKit.framework in Frameworks */,
				7EDA0A9CFB3499AA5CBF1B4E /* Pods_Picky.framework in Frameworks */,
			);
			runOnlyForDeploymentPostprocessing = 0;
		};
/* End PBXFrameworksBuildPhase section */

/* Begin PBXGroup section */
		05D8DCB54DC326528F15334D /* Pods */ = {
			isa = PBXGroup;
			children = (
				7AA049A90BCE510398EB4C2D /* Pods-Picky.debug.xcconfig */,
				52E3FF56788BB2BB430CEB66 /* Pods-Picky.release.xcconfig */,
			);
			name = Pods;
			sourceTree = "<group>";
		};
		B678FCCA70E9367112310132 /* Frameworks */ = {
			isa = PBXGroup;
			children = (
				C414A4131D2FB84D00CABE22 /* MapKit.framework */,
				E694CFD481AB081E728E3D64 /* Pods_Picky.framework */,
			);
			name = Frameworks;
			sourceTree = "<group>";
		};
		C43829731D2EEE4B0067430B = {
			isa = PBXGroup;
			children = (
				C438297E1D2EEE4B0067430B /* Picky */,
				C438297D1D2EEE4B0067430B /* Products */,
				05D8DCB54DC326528F15334D /* Pods */,
				B678FCCA70E9367112310132 /* Frameworks */,
			);
			sourceTree = "<group>";
		};
		C438297D1D2EEE4B0067430B /* Products */ = {
			isa = PBXGroup;
			children = (
				C438297C1D2EEE4B0067430B /* Picky.app */,
			);
			name = Products;
			sourceTree = "<group>";
		};
		C438297E1D2EEE4B0067430B /* Picky */ = {
			isa = PBXGroup;
			children = (
				C438297F1D2EEE4B0067430B /* AppDelegate.swift */,
				C414A4111D2F0B0500CABE22 /* Business.swift */,
				C43829811D2EEE4B0067430B /* ViewController.swift */,
				C414A40F1D2EFF7800CABE22 /* YelpClient.swift */,
				C43829831D2EEE4B0067430B /* Main.storyboard */,
				C43829941D2EEEB00067430B /* Constants.swift */,
				C43829891D2EEE4B0067430B /* Assets.xcassets */,
				C438298B1D2EEE4B0067430B /* LaunchScreen.storyboard */,
				C438298E1D2EEE4B0067430B /* Info.plist */,
				C43829861D2EEE4B0067430B /* Picky.xcdatamodeld */,
			);
			path = Picky;
			sourceTree = "<group>";
		};
/* End PBXGroup section */

/* Begin PBXNativeTarget section */
		C438297B1D2EEE4B0067430B /* Picky */ = {
			isa = PBXNativeTarget;
			buildConfigurationList = C43829911D2EEE4B0067430B /* Build configuration list for PBXNativeTarget "Picky" */;
			buildPhases = (
				AD274231B39E480DC59C8B0E /* [CP] Check Pods Manifest.lock */,
				C43829781D2EEE4B0067430B /* Sources */,
				C43829791D2EEE4B0067430B /* Frameworks */,
				C438297A1D2EEE4B0067430B /* Resources */,
				5BA1081E630212EAB6F07C91 /* [CP] Embed Pods Frameworks */,
				4F42076F51D3936C704579D4 /* [CP] Copy Pods Resources */,
			);
			buildRules = (
			);
			dependencies = (
			);
			name = Picky;
			productName = Picky;
			productReference = C438297C1D2EEE4B0067430B /* Picky.app */;
			productType = "com.apple.product-type.application";
		};
/* End PBXNativeTarget section */

/* Begin PBXProject section */
		C43829741D2EEE4B0067430B /* Project object */ = {
			isa = PBXProject;
			attributes = {
				LastSwiftUpdateCheck = 0730;
				LastUpgradeCheck = 0730;
				ORGANIZATIONNAME = "Swayam Barik";
				TargetAttributes = {
					C438297B1D2EEE4B0067430B = {
						CreatedOnToolsVersion = 7.3.1;
						DevelopmentTeam = 6T2RRMSN73;
					};
				};
			};
			buildConfigurationList = C43829771D2EEE4B0067430B /* Build configuration list for PBXProject "Picky" */;
			compatibilityVersion = "Xcode 3.2";
			developmentRegion = English;
			hasScannedForEncodings = 0;
			knownRegions = (
				en,
				Base,
			);
			mainGroup = C43829731D2EEE4B0067430B;
			productRefGroup = C438297D1D2EEE4B0067430B /* Products */;
			projectDirPath = "";
			projectRoot = "";
			targets = (
				C438297B1D2EEE4B0067430B /* Picky */,
			);
		};
/* End PBXProject section */

/* Begin PBXResourcesBuildPhase section */
		C438297A1D2EEE4B0067430B /* Resources */ = {
			isa = PBXResourcesBuildPhase;
			buildActionMask = 2147483647;
			files = (
				C438298D1D2EEE4B0067430B /* LaunchScreen.storyboard in Resources */,
				C438298A1D2EEE4B0067430B /* Assets.xcassets in Resources */,
				C43829851D2EEE4B0067430B /* Main.storyboard in Resources */,
			);
			runOnlyForDeploymentPostprocessing = 0;
		};
/* End PBXResourcesBuildPhase section */

/* Begin PBXShellScriptBuildPhase section */
		4F42076F51D3936C704579D4 /* [CP] Copy Pods Resources */ = {
			isa = PBXShellScriptBuildPhase;
			buildActionMask = 2147483647;
			files = (
			);
			inputPaths = (
			);
			name = "[CP] Copy Pods Resources";
			outputPaths = (
			);
			runOnlyForDeploymentPostprocessing = 0;
			shellPath = /bin/sh;
			shellScript = "\"${SRCROOT}/Pods/Target Support Files/Pods-Picky/Pods-Picky-resources.sh\"\n";
			showEnvVarsInLog = 0;
		};
		5BA1081E630212EAB6F07C91 /* [CP] Embed Pods Frameworks */ = {
			isa = PBXShellScriptBuildPhase;
			buildActionMask = 2147483647;
			files = (
			);
			inputPaths = (
			);
			name = "[CP] Embed Pods Frameworks";
			outputPaths = (
			);
			runOnlyForDeploymentPostprocessing = 0;
			shellPath = /bin/sh;
			shellScript = "\"${SRCROOT}/Pods/Target Support Files/Pods-Picky/Pods-Picky-frameworks.sh\"\n";
			showEnvVarsInLog = 0;
		};
		AD274231B39E480DC59C8B0E /* [CP] Check Pods Manifest.lock */ = {
			isa = PBXShellScriptBuildPhase;
			buildActionMask = 2147483647;
			files = (
			);
			inputPaths = (
			);
			name = "[CP] Check Pods Manifest.lock";
			outputPaths = (
			);
			runOnlyForDeploymentPostprocessing = 0;
			shellPath = /bin/sh;
			shellScript = "diff \"${PODS_ROOT}/../Podfile.lock\" \"${PODS_ROOT}/Manifest.lock\" > /dev/null\nif [[ $? != 0 ]] ; then\n    cat << EOM\nerror: The sandbox is not in sync with the Podfile.lock. Run 'pod install' or update your CocoaPods installation.\nEOM\n    exit 1\nfi\n";
			showEnvVarsInLog = 0;
		};
/* End PBXShellScriptBuildPhase section */

/* Begin PBXSourcesBuildPhase section */
		C43829781D2EEE4B0067430B /* Sources */ = {
			isa = PBXSourcesBuildPhase;
			buildActionMask = 2147483647;
			files = (
				C43829821D2EEE4B0067430B /* ViewController.swift in Sources */,
				C43829801D2EEE4B0067430B /* AppDelegate.swift in Sources */,
				C43829881D2EEE4B0067430B /* Picky.xcdatamodeld in Sources */,
				C43829951D2EEEB00067430B /* Constants.swift in Sources */,
				C414A4121D2F0B0500CABE22 /* Business.swift in Sources */,
				C414A4101D2EFF7800CABE22 /* YelpClient.swift in Sources */,
			);
			runOnlyForDeploymentPostprocessing = 0;
		};
/* End PBXSourcesBuildPhase section */

/* Begin PBXVariantGroup section */
		C43829831D2EEE4B0067430B /* Main.storyboard */ = {
			isa = PBXVariantGroup;
			children = (
				C43829841D2EEE4B0067430B /* Base */,
			);
			name = Main.storyboard;
			sourceTree = "<group>";
		};
		C438298B1D2EEE4B0067430B /* LaunchScreen.storyboard */ = {
			isa = PBXVariantGroup;
			children = (
				C438298C1D2EEE4B0067430B /* Base */,
			);
			name = LaunchScreen.storyboard;
			sourceTree = "<group>";
		};
/* End PBXVariantGroup section */

/* Begin XCBuildConfiguration section */
		C438298F1D2EEE4B0067430B /* Debug */ = {
			isa = XCBuildConfiguration;
			buildSettings = {
				ALWAYS_SEARCH_USER_PATHS = NO;
				CLANG_ANALYZER_NONNULL = YES;
				CLANG_CXX_LANGUAGE_STANDARD = "gnu++0x";
				CLANG_CXX_LIBRARY = "libc++";
				CLANG_ENABLE_MODULES = YES;
				CLANG_ENABLE_OBJC_ARC = YES;
				CLANG_WARN_BOOL_CONVERSION = YES;
				CLANG_WARN_CONSTANT_CONVERSION = YES;
				CLANG_WARN_DIRECT_OBJC_ISA_USAGE = YES_ERROR;
				CLANG_WARN_EMPTY_BODY = YES;
				CLANG_WARN_ENUM_CONVERSION = YES;
				CLANG_WARN_INT_CONVERSION = YES;
				CLANG_WARN_OBJC_ROOT_CLASS = YES_ERROR;
				CLANG_WARN_UNREACHABLE_CODE = YES;
				CLANG_WARN__DUPLICATE_METHOD_MATCH = YES;
				"CODE_SIGN_IDENTITY[sdk=iphoneos*]" = "iPhone Developer";
				COPY_PHASE_STRIP = NO;
				DEBUG_INFORMATION_FORMAT = dwarf;
				ENABLE_STRICT_OBJC_MSGSEND = YES;
				ENABLE_TESTABILITY = YES;
				GCC_C_LANGUAGE_STANDARD = gnu99;
				GCC_DYNAMIC_NO_PIC = NO;
				GCC_NO_COMMON_BLOCKS = YES;
				GCC_OPTIMIZATION_LEVEL = 0;
				GCC_PREPROCESSOR_DEFINITIONS = (
					"DEBUG=1",
					"$(inherited)",
				);
				GCC_WARN_64_TO_32_BIT_CONVERSION = YES;
				GCC_WARN_ABOUT_RETURN_TYPE = YES_ERROR;
				GCC_WARN_UNDECLARED_SELECTOR = YES;
				GCC_WARN_UNINITIALIZED_AUTOS = YES_AGGRESSIVE;
				GCC_WARN_UNUSED_FUNCTION = YES;
				GCC_WARN_UNUSED_VARIABLE = YES;
				IPHONEOS_DEPLOYMENT_TARGET = 9.3;
				MTL_ENABLE_DEBUG_INFO = YES;
				ONLY_ACTIVE_ARCH = YES;
				SDKROOT = iphoneos;
				SWIFT_OPTIMIZATION_LEVEL = "-Onone";
			};
			name = Debug;
		};
		C43829901D2EEE4B0067430B /* Release */ = {
			isa = XCBuildConfiguration;
			buildSettings = {
				ALWAYS_SEARCH_USER_PATHS = NO;
				CLANG_ANALYZER_NONNULL = YES;
				CLANG_CXX_LANGUAGE_STANDARD = "gnu++0x";
				CLANG_CXX_LIBRARY = "libc++";
				CLANG_ENABLE_MODULES = YES;
				CLANG_ENABLE_OBJC_ARC = YES;
				CLANG_WARN_BOOL_CONVERSION = YES;
				CLANG_WARN_CONSTANT_CONVERSION = YES;
				CLANG_WARN_DIRECT_OBJC_ISA_USAGE = YES_ERROR;
				CLANG_WARN_EMPTY_BODY = YES;
				CLANG_WARN_ENUM_CONVERSION = YES;
				CLANG_WARN_INT_CONVERSION = YES;
				CLANG_WARN_OBJC_ROOT_CLASS = YES_ERROR;
				CLANG_WARN_UNREACHABLE_CODE = YES;
				CLANG_WARN__DUPLICATE_METHOD_MATCH = YES;
				"CODE_SIGN_IDENTITY[sdk=iphoneos*]" = "iPhone Developer";
				COPY_PHASE_STRIP = NO;
				DEBUG_INFORMATION_FORMAT = "dwarf-with-dsym";
				ENABLE_NS_ASSERTIONS = NO;
				ENABLE_STRICT_OBJC_MSGSEND = YES;
				GCC_C_LANGUAGE_STANDARD = gnu99;
				GCC_NO_COMMON_BLOCKS = YES;
				GCC_WARN_64_TO_32_BIT_CONVERSION = YES;
				GCC_WARN_ABOUT_RETURN_TYPE = YES_ERROR;
				GCC_WARN_UNDECLARED_SELECTOR = YES;
				GCC_WARN_UNINITIALIZED_AUTOS = YES_AGGRESSIVE;
				GCC_WARN_UNUSED_FUNCTION = YES;
				GCC_WARN_UNUSED_VARIABLE = YES;
				IPHONEOS_DEPLOYMENT_TARGET = 9.3;
				MTL_ENABLE_DEBUG_INFO = NO;
				SDKROOT = iphoneos;
				VALIDATE_PRODUCT = YES;
			};
			name = Release;
		};
		C43829921D2EEE4B0067430B /* Debug */ = {
			isa = XCBuildConfiguration;
			baseConfigurationReference = 7AA049A90BCE510398EB4C2D /* Pods-Picky.debug.xcconfig */;
			buildSettings = {
				ASSETCATALOG_COMPILER_APPICON_NAME = AppIcon;
				INFOPLIST_FILE = Picky/Info.plist;
				LD_RUNPATH_SEARCH_PATHS = "$(inherited) @executable_path/Frameworks";
				PRODUCT_BUNDLE_IDENTIFIER = com.swayambarik.Picky;
				PRODUCT_NAME = "$(TARGET_NAME)";
			};
			name = Debug;
		};
		C43829931D2EEE4B0067430B /* Release */ = {
			isa = XCBuildConfiguration;
			baseConfigurationReference = 52E3FF56788BB2BB430CEB66 /* Pods-Picky.release.xcconfig */;
			buildSettings = {
				ASSETCATALOG_COMPILER_APPICON_NAME = AppIcon;
				INFOPLIST_FILE = Picky/Info.plist;
				LD_RUNPATH_SEARCH_PATHS = "$(inherited) @executable_path/Frameworks";
				PRODUCT_BUNDLE_IDENTIFIER = com.swayambarik.Picky;
				PRODUCT_NAME = "$(TARGET_NAME)";
			};
			name = Release;
		};
/* End XCBuildConfiguration section */

/* Begin XCConfigurationList section */
		C43829771D2EEE4B0067430B /* Build configuration list for PBXProject "Picky" */ = {
			isa = XCConfigurationList;
			buildConfigurations = (
				C438298F1D2EEE4B0067430B /* Debug */,
				C43829901D2EEE4B0067430B /* Release */,
			);
			defaultConfigurationIsVisible = 0;
			defaultConfigurationName = Release;
		};
		C43829911D2EEE4B0067430B /* Build configuration list for PBXNativeTarget "Picky" */ = {
			isa = XCConfigurationList;
			buildConfigurations = (
				C43829921D2EEE4B0067430B /* Debug */,
				C43829931D2EEE4B0067430B /* Release */,
			);
			defaultConfigurationIsVisible = 0;
			defaultConfigurationName = Release;
		};
/* End XCConfigurationList section */

/* Begin XCVersionGroup section */
		C43829861D2EEE4B0067430B /* Picky.xcdatamodeld */ = {
			isa = XCVersionGroup;
			children = (
				C43829871D2EEE4B0067430B /* Picky.xcdatamodel */,
			);
			currentVersion = C43829871D2EEE4B0067430B /* Picky.xcdatamodel */;
			path = Picky.xcdatamodeld;
			sourceTree = "<group>";
			versionGroupType = wrapper.xcdatamodel;
		};
/* End XCVersionGroup section */
	};
	rootObject = C43829741D2EEE4B0067430B /* Project object */;
}
